
Microsoft Visual Studio Solution File, Format Version 12.00
# Visual Studio Version 17
VisualStudioVersion = 17.4.33213.308
MinimumVisualStudioVersion = 10.0.40219.1
Project("{9A19103F-16F7-4668-BE54-9A1E7A4F7556}") = "StringManipulation", "InterviewPrpe\StringManipulation.csproj", "{407C7753-6C6D-4D6B-85FF-87CEEDD214A9}"
EndProject
Project("{9A19103F-16F7-4668-BE54-9A1E7A4F7556}") = "AutoMapper1", "AutoMapper1\AutoMapper1.csproj", "{6D2CBBDF-72DD-4A0E-B57A-7A1680EAAC49}"
EndProject
Global
	GlobalSection(SolutionConfigurationPlatforms) = preSolution
		Debug|Any CPU = Debug|Any CPU
		Release|Any CPU = Release|Any CPU
	EndGlobalSection
	GlobalSection(ProjectConfigurationPlatforms) = postSolution
		{407C7753-6C6D-4D6B-85FF-87CEEDD214A9}.Debug|Any CPU.ActiveCfg = Debug|Any CPU
		{407C7753-6C6D-4D6B-85FF-87CEEDD214A9}.Debug|Any CPU.Build.0 = Debug|Any CPU
		{407C7753-6C6D-4D6B-85FF-87CEEDD214A9}.Release|Any CPU.ActiveCfg = Release|Any CPU
		{407C7753-6C6D-4D6B-85FF-87CEEDD214A9}.Release|Any CPU.Build.0 = Release|Any CPU
		{6D2CBBDF-72DD-4A0E-B57A-7A1680EAAC49}.Debug|Any CPU.ActiveCfg = Debug|Any CPU
		{6D2CBBDF-72DD-4A0E-B57A-7A1680EAAC49}.Debug|Any CPU.Build.0 = Debug|Any CPU
		{6D2CBBDF-72DD-4A0E-B57A-7A1680EAAC49}.Release|Any CPU.ActiveCfg = Release|Any CPU
		{6D2CBBDF-72DD-4A0E-B57A-7A1680EAAC49}.Release|Any CPU.Build.0 = Release|Any CPU
	EndGlobalSection
	GlobalSection(SolutionProperties) = preSolution
		HideSolutionNode = FALSE
	EndGlobalSection
	GlobalSection(ExtensibilityGlobals) = postSolution
		SolutionGuid = {884C1F13-594F-4956-A565-C8FCFBE1FC03}
	EndGlobalSection
EndGlobal
